# This file is automatically @generated by Cargo.
# It is not intended for manual editing.
version = 4

[[package]]
name = "agoranet-core"
version = "0.1.0"

[[package]]
name = "icn-cli"
version = "0.1.0"

[[package]]
name = "icn-identity-core"
version = "0.1.0"

[[package]]
name = "icn-runtime"
version = "0.1.0"

[[package]]
name = "icn-types"
version = "0.1.0"

[[package]]
name = "icn-wallet"
version = "0.1.0"

[[package]]
name = "planetary-mesh"
version = "0.1.0"
