# This file is automatically @generated by Cargo.
# It is not intended for manual editing.
version = 4

[[package]]
name = "core2"
version = "0.4.0"
source = "registry+https://github.com/rust-lang/crates.io-index"
checksum = "b49ba7ef1ad6107f8824dbe97de947cbaac53c44e7f9756a1fba0d37c1eec505"
dependencies = [
 "memchr",
]

[[package]]
name = "memchr"
version = "2.7.4"
source = "registry+https://github.com/rust-lang/crates.io-index"
checksum = "78ca9ab1a0babb1e7d5695e3530886289c18cf2f87ec19a575a0abdce112e3a3"

[[package]]
name = "multihash"
version = "0.19.3"
source = "registry+https://github.com/rust-lang/crates.io-index"
checksum = "6b430e7953c29dd6a09afc29ff0bb69c6e306329ee6794700aee27b76a1aea8d"
dependencies = [
 "core2",
 "unsigned-varint",
]

[[package]]
name = "test-multihash"
version = "0.1.0"
dependencies = [
 "multihash",
]

[[package]]
name = "unsigned-varint"
version = "0.8.0"
source = "registry+https://github.com/rust-lang/crates.io-index"
checksum = "eb066959b24b5196ae73cb057f45598450d2c5f71460e98c49b738086eff9c06"
